
Microsoft Visual Studio Solution File, Format Version 12.00
# Visual Studio Version 17
VisualStudioVersion = 17.13.35818.85 d17.13
MinimumVisualStudioVersion = 10.0.40219.1
Project("{FAE04EC0-301F-11D3-BF4B-00C04F79EFBC}") = "ISM6225_Fall24_Assignment_2", "ISM6225_Fall24_Assignment_2.csproj", "{40F466DB-A264-4E57-AF36-8692162C84C1}"
EndProject
Global
	GlobalSection(SolutionConfigurationPlatforms) = preSolution
		Debug|Any CPU = Debug|Any CPU
		Release|Any CPU = Release|Any CPU
	EndGlobalSection
	GlobalSection(ProjectConfigurationPlatforms) = postSolution
		{40F466DB-A264-4E57-AF36-8692162C84C1}.Debug|Any CPU.ActiveCfg = Debug|Any CPU
		{40F466DB-A264-4E57-AF36-8692162C84C1}.Debug|Any CPU.Build.0 = Debug|Any CPU
		{40F466DB-A264-4E57-AF36-8692162C84C1}.Release|Any CPU.ActiveCfg = Release|Any CPU
		{40F466DB-A264-4E57-AF36-8692162C84C1}.Release|Any CPU.Build.0 = Release|Any CPU
	EndGlobalSection
	GlobalSection(SolutionProperties) = preSolution
		HideSolutionNode = FALSE
	EndGlobalSection
	GlobalSection(ExtensibilityGlobals) = postSolution
		SolutionGuid = {A602E47B-DF36-4DB0-BC70-A625C014751A}
	EndGlobalSection
EndGlobal
